
Microsoft Visual Studio Solution File, Format Version 12.00
# Visual Studio 15
VisualStudioVersion = 15.0.27004.2010
MinimumVisualStudioVersion = 10.0.40219.1
Project("{FAE04EC0-301F-11D3-BF4B-00C04F79EFBC}") = "SISFEVER1.DATA", "SISFEVER1.DATA\SISFEVER1.DATA.csproj", "{FA6CCA22-B0C4-4868-BDC5-CD4A87587F09}"
EndProject
Project("{FAE04EC0-301F-11D3-BF4B-00C04F79EFBC}") = "SISFEVER1.DAL", "SISFEVER1.DAL\SISFEVER1.DAL.csproj", "{4A1A87DE-68FF-4C3C-BD2E-DA58D07F659E}"
EndProject
Project("{FAE04EC0-301F-11D3-BF4B-00C04F79EFBC}") = "SISFEVER1.UI", "SISFEVER1.UI\SISFEVER1.UI.csproj", "{42BDD99D-AAFB-4016-A2FA-CEA560D12D92}"
EndProject
Global
	GlobalSection(SolutionConfigurationPlatforms) = preSolution
		Debug|Any CPU = Debug|Any CPU
		Release|Any CPU = Release|Any CPU
	EndGlobalSection
	GlobalSection(ProjectConfigurationPlatforms) = postSolution
		{FA6CCA22-B0C4-4868-BDC5-CD4A87587F09}.Debug|Any CPU.ActiveCfg = Debug|Any CPU
		{FA6CCA22-B0C4-4868-BDC5-CD4A87587F09}.Debug|Any CPU.Build.0 = Debug|Any CPU
		{FA6CCA22-B0C4-4868-BDC5-CD4A87587F09}.Release|Any CPU.ActiveCfg = Release|Any CPU
		{FA6CCA22-B0C4-4868-BDC5-CD4A87587F09}.Release|Any CPU.Build.0 = Release|Any CPU
		{4A1A87DE-68FF-4C3C-BD2E-DA58D07F659E}.Debug|Any CPU.ActiveCfg = Debug|Any CPU
		{4A1A87DE-68FF-4C3C-BD2E-DA58D07F659E}.Debug|Any CPU.Build.0 = Debug|Any CPU
		{4A1A87DE-68FF-4C3C-BD2E-DA58D07F659E}.Release|Any CPU.ActiveCfg = Release|Any CPU
		{4A1A87DE-68FF-4C3C-BD2E-DA58D07F659E}.Release|Any CPU.Build.0 = Release|Any CPU
		{42BDD99D-AAFB-4016-A2FA-CEA560D12D92}.Debug|Any CPU.ActiveCfg = Debug|Any CPU
		{42BDD99D-AAFB-4016-A2FA-CEA560D12D92}.Debug|Any CPU.Build.0 = Debug|Any CPU
		{42BDD99D-AAFB-4016-A2FA-CEA560D12D92}.Release|Any CPU.ActiveCfg = Release|Any CPU
		{42BDD99D-AAFB-4016-A2FA-CEA560D12D92}.Release|Any CPU.Build.0 = Release|Any CPU
	EndGlobalSection
	GlobalSection(SolutionProperties) = preSolution
		HideSolutionNode = FALSE
	EndGlobalSection
	GlobalSection(ExtensibilityGlobals) = postSolution
		SolutionGuid = {53F8A716-0160-49B6-8A51-20403DACE640}
	EndGlobalSection
EndGlobal
